// !$*UTF8*$!
{
	archiveVersion = 1;
	classes = {
	};
	objectVersion = 56;
	objects = {

/* Begin PBXBuildFile section */
		4E2B289D29DC3BC100843D39 /* CoreMotion.framework in Frameworks */ = {isa = PBXBuildFile; fileRef = 4E2B289C29DC3BC100843D39 /* CoreMotion.framework */; };
		4E36CAA729B8B3F500F380CC /* BeMindfulMobileApp.swift in Sources */ = {isa = PBXBuildFile; fileRef = 4E36CAA629B8B3F500F380CC /* BeMindfulMobileApp.swift */; };
		4E36CAA929B8B3F500F380CC /* MobileAppView.swift in Sources */ = {isa = PBXBuildFile; fileRef = 4E36CAA829B8B3F500F380CC /* MobileAppView.swift */; };
		4E36CAAB29B8B3F700F380CC /* Assets.xcassets in Resources */ = {isa = PBXBuildFile; fileRef = 4E36CAAA29B8B3F700F380CC /* Assets.xcassets */; };
		4E36CAAE29B8B3F700F380CC /* Preview Assets.xcassets in Resources */ = {isa = PBXBuildFile; fileRef = 4E36CAAD29B8B3F700F380CC /* Preview Assets.xcassets */; };
		4E36CAB829B8B3F800F380CC /* BeMindfulMobileTests.swift in Sources */ = {isa = PBXBuildFile; fileRef = 4E36CAB729B8B3F800F380CC /* BeMindfulMobileTests.swift */; };
		4E36CACA29B8B3F800F380CC /* BeMindful.app in Embed Watch Content */ = {isa = PBXBuildFile; fileRef = 4E36CAC929B8B3F800F380CC /* BeMindful.app */; settings = {ATTRIBUTES = (RemoveHeadersOnCopy, ); }; };
		4E36CACF29B8B3F800F380CC /* BeMindfulWatchApp.swift in Sources */ = {isa = PBXBuildFile; fileRef = 4E36CACE29B8B3F800F380CC /* BeMindfulWatchApp.swift */; };
		4E36CAD129B8B3F800F380CC /* WatchAppView.swift in Sources */ = {isa = PBXBuildFile; fileRef = 4E36CAD029B8B3F800F380CC /* WatchAppView.swift */; };
		4E36CAD329B8B3F900F380CC /* Assets.xcassets in Resources */ = {isa = PBXBuildFile; fileRef = 4E36CAD229B8B3F900F380CC /* Assets.xcassets */; };
		4E36CAD629B8B3F900F380CC /* Preview Assets.xcassets in Resources */ = {isa = PBXBuildFile; fileRef = 4E36CAD529B8B3F900F380CC /* Preview Assets.xcassets */; };
		4E36CAE029B8B3F900F380CC /* BeMindfulWatchAppTests.swift in Sources */ = {isa = PBXBuildFile; fileRef = 4E36CADF29B8B3F900F380CC /* BeMindfulWatchAppTests.swift */; };
		4E4FD1B329CB189200DADB21 /* ConnectivityProvider.swift in Sources */ = {isa = PBXBuildFile; fileRef = 4E4FD1B229CB189200DADB21 /* ConnectivityProvider.swift */; };
		4E4FD1B429CB189200DADB21 /* ConnectivityProvider.swift in Sources */ = {isa = PBXBuildFile; fileRef = 4E4FD1B229CB189200DADB21 /* ConnectivityProvider.swift */; };
		4E4FD1B529CB1A1700DADB21 /* SharedViewModel.swift in Sources */ = {isa = PBXBuildFile; fileRef = 4EBE554629BE3616006ECF5A /* SharedViewModel.swift */; };
		4E805FB629DED9880087F178 /* MotionDetectionProvider.swift in Sources */ = {isa = PBXBuildFile; fileRef = 4E805FB529DED9880087F178 /* MotionDetectionProvider.swift */; };
		4EBE554729BE3616006ECF5A /* SharedViewModel.swift in Sources */ = {isa = PBXBuildFile; fileRef = 4EBE554629BE3616006ECF5A /* SharedViewModel.swift */; };
		B030B90929DED80900ABD785 /* LaunchView.swift in Sources */ = {isa = PBXBuildFile; fileRef = B030B90829DED80900ABD785 /* LaunchView.swift */; };
		B030B90A29DED80900ABD785 /* LaunchView.swift in Sources */ = {isa = PBXBuildFile; fileRef = B030B90829DED80900ABD785 /* LaunchView.swift */; };
		B0708C2829E6E88100C41187 /* Launch Screen.storyboard in Resources */ = {isa = PBXBuildFile; fileRef = B0708C2729E6E88100C41187 /* Launch Screen.storyboard */; };
		4EC5749E29DB23AA006E23C1 /* WatchAppTypes.swift in Sources */ = {isa = PBXBuildFile; fileRef = 4EC5749D29DB23AA006E23C1 /* WatchAppTypes.swift */; };
		B099273D29CB3F9B0099FBFB /* Data.swift in Sources */ = {isa = PBXBuildFile; fileRef = B099273C29CB3F9B0099FBFB /* Data.swift */; };
		B09984D329E71A290037B361 /* TrackedBehaviorView.swift in Sources */ = {isa = PBXBuildFile; fileRef = B09984D229E71A290037B361 /* TrackedBehaviorView.swift */; };
		B0DA5B1E29CB486100EAEA24 /* HourlyLineChart.swift in Sources */ = {isa = PBXBuildFile; fileRef = B0DA5B1D29CB486100EAEA24 /* HourlyLineChart.swift */; };
		B0DA5B2029CB4CAA00EAEA24 /* Utils.swift in Sources */ = {isa = PBXBuildFile; fileRef = B0DA5B1F29CB4CAA00EAEA24 /* Utils.swift */; };
/* End PBXBuildFile section */

/* Begin PBXContainerItemProxy section */
		4E36CAB429B8B3F800F380CC /* PBXContainerItemProxy */ = {
			isa = PBXContainerItemProxy;
			containerPortal = 4E36CA9B29B8B3F500F380CC /* Project object */;
			proxyType = 1;
			remoteGlobalIDString = 4E36CAA229B8B3F500F380CC;
			remoteInfo = BitSpy;
		};
		4E36CACB29B8B3F800F380CC /* PBXContainerItemProxy */ = {
			isa = PBXContainerItemProxy;
			containerPortal = 4E36CA9B29B8B3F500F380CC /* Project object */;
			proxyType = 1;
			remoteGlobalIDString = 4E36CAC829B8B3F800F380CC;
			remoteInfo = "BitSpy Watch App";
		};
		4E36CADC29B8B3F900F380CC /* PBXContainerItemProxy */ = {
			isa = PBXContainerItemProxy;
			containerPortal = 4E36CA9B29B8B3F500F380CC /* Project object */;
			proxyType = 1;
			remoteGlobalIDString = 4E36CAC829B8B3F800F380CC;
			remoteInfo = "BitSpy Watch App";
		};
/* End PBXContainerItemProxy section */

/* Begin PBXCopyFilesBuildPhase section */
		4E36CAF229B8B3F900F380CC /* Embed Watch Content */ = {
			isa = PBXCopyFilesBuildPhase;
			buildActionMask = 2147483647;
			dstPath = "$(CONTENTS_FOLDER_PATH)/Watch";
			dstSubfolderSpec = 16;
			files = (
				4E36CACA29B8B3F800F380CC /* BeMindful.app in Embed Watch Content */,
			);
			name = "Embed Watch Content";
			runOnlyForDeploymentPostprocessing = 0;
		};
/* End PBXCopyFilesBuildPhase section */

/* Begin PBXFileReference section */
		4E2B289C29DC3BC100843D39 /* CoreMotion.framework */ = {isa = PBXFileReference; lastKnownFileType = wrapper.framework; name = CoreMotion.framework; path = Platforms/WatchOS.platform/Developer/SDKs/WatchOS9.1.sdk/System/Library/Frameworks/CoreMotion.framework; sourceTree = DEVELOPER_DIR; };
		4E36CAA329B8B3F500F380CC /* BeMindfulMobile.app */ = {isa = PBXFileReference; explicitFileType = wrapper.application; includeInIndex = 0; path = BeMindfulMobile.app; sourceTree = BUILT_PRODUCTS_DIR; };
		4E36CAA629B8B3F500F380CC /* BeMindfulMobileApp.swift */ = {isa = PBXFileReference; lastKnownFileType = sourcecode.swift; path = BeMindfulMobileApp.swift; sourceTree = "<group>"; };
		4E36CAA829B8B3F500F380CC /* MobileAppView.swift */ = {isa = PBXFileReference; lastKnownFileType = sourcecode.swift; path = MobileAppView.swift; sourceTree = "<group>"; };
		4E36CAAA29B8B3F700F380CC /* Assets.xcassets */ = {isa = PBXFileReference; lastKnownFileType = folder.assetcatalog; path = Assets.xcassets; sourceTree = "<group>"; };
		4E36CAAD29B8B3F700F380CC /* Preview Assets.xcassets */ = {isa = PBXFileReference; lastKnownFileType = folder.assetcatalog; path = "Preview Assets.xcassets"; sourceTree = "<group>"; };
		4E36CAB329B8B3F800F380CC /* BeMindfulMobileTests.xctest */ = {isa = PBXFileReference; explicitFileType = wrapper.cfbundle; includeInIndex = 0; path = BeMindfulMobileTests.xctest; sourceTree = BUILT_PRODUCTS_DIR; };
		4E36CAB729B8B3F800F380CC /* BeMindfulMobileTests.swift */ = {isa = PBXFileReference; lastKnownFileType = sourcecode.swift; path = BeMindfulMobileTests.swift; sourceTree = "<group>"; };
		4E36CAC929B8B3F800F380CC /* BeMindful.app */ = {isa = PBXFileReference; explicitFileType = wrapper.application; includeInIndex = 0; path = BeMindful.app; sourceTree = BUILT_PRODUCTS_DIR; };
		4E36CACE29B8B3F800F380CC /* BeMindfulWatchApp.swift */ = {isa = PBXFileReference; lastKnownFileType = sourcecode.swift; path = BeMindfulWatchApp.swift; sourceTree = "<group>"; };
		4E36CAD029B8B3F800F380CC /* WatchAppView.swift */ = {isa = PBXFileReference; lastKnownFileType = sourcecode.swift; path = WatchAppView.swift; sourceTree = "<group>"; };
		4E36CAD229B8B3F900F380CC /* Assets.xcassets */ = {isa = PBXFileReference; lastKnownFileType = folder.assetcatalog; path = Assets.xcassets; sourceTree = "<group>"; };
		4E36CAD529B8B3F900F380CC /* Preview Assets.xcassets */ = {isa = PBXFileReference; lastKnownFileType = folder.assetcatalog; path = "Preview Assets.xcassets"; sourceTree = "<group>"; };
		4E36CADB29B8B3F900F380CC /* BeMindfulWatchTests.xctest */ = {isa = PBXFileReference; explicitFileType = wrapper.cfbundle; includeInIndex = 0; path = BeMindfulWatchTests.xctest; sourceTree = BUILT_PRODUCTS_DIR; };
		4E36CADF29B8B3F900F380CC /* BeMindfulWatchAppTests.swift */ = {isa = PBXFileReference; lastKnownFileType = sourcecode.swift; path = BeMindfulWatchAppTests.swift; sourceTree = "<group>"; };
		4E4FD1B229CB189200DADB21 /* ConnectivityProvider.swift */ = {isa = PBXFileReference; lastKnownFileType = sourcecode.swift; path = ConnectivityProvider.swift; sourceTree = "<group>"; };
		4E805FB529DED9880087F178 /* MotionDetectionProvider.swift */ = {isa = PBXFileReference; lastKnownFileType = sourcecode.swift; path = MotionDetectionProvider.swift; sourceTree = "<group>"; };
		4EBE554629BE3616006ECF5A /* SharedViewModel.swift */ = {isa = PBXFileReference; lastKnownFileType = sourcecode.swift; path = SharedViewModel.swift; sourceTree = "<group>"; };
		B030B90829DED80900ABD785 /* LaunchView.swift */ = {isa = PBXFileReference; lastKnownFileType = sourcecode.swift; path = LaunchView.swift; sourceTree = "<group>"; };
		B030B90B29DEDD8B00ABD785 /* Info.plist */ = {isa = PBXFileReference; lastKnownFileType = text.plist; path = Info.plist; sourceTree = "<group>"; };
		B0708C2729E6E88100C41187 /* Launch Screen.storyboard */ = {isa = PBXFileReference; lastKnownFileType = file.storyboard; path = "Launch Screen.storyboard"; sourceTree = "<group>"; };
		4EC5749D29DB23AA006E23C1 /* WatchAppTypes.swift */ = {isa = PBXFileReference; lastKnownFileType = sourcecode.swift; path = WatchAppTypes.swift; sourceTree = "<group>"; };
		B099273C29CB3F9B0099FBFB /* Data.swift */ = {isa = PBXFileReference; lastKnownFileType = sourcecode.swift; path = Data.swift; sourceTree = "<group>"; };
		B09984D229E71A290037B361 /* TrackedBehaviorView.swift */ = {isa = PBXFileReference; lastKnownFileType = sourcecode.swift; path = TrackedBehaviorView.swift; sourceTree = "<group>"; };
		B0DA5B1D29CB486100EAEA24 /* HourlyLineChart.swift */ = {isa = PBXFileReference; lastKnownFileType = sourcecode.swift; path = HourlyLineChart.swift; sourceTree = "<group>"; };
		B0DA5B1F29CB4CAA00EAEA24 /* Utils.swift */ = {isa = PBXFileReference; lastKnownFileType = sourcecode.swift; path = Utils.swift; sourceTree = "<group>"; };
/* End PBXFileReference section */

/* Begin PBXFrameworksBuildPhase section */
		4E36CAA029B8B3F500F380CC /* Frameworks */ = {
			isa = PBXFrameworksBuildPhase;
			buildActionMask = 2147483647;
			files = (
			);
			runOnlyForDeploymentPostprocessing = 0;
		};
		4E36CAB029B8B3F800F380CC /* Frameworks */ = {
			isa = PBXFrameworksBuildPhase;
			buildActionMask = 2147483647;
			files = (
			);
			runOnlyForDeploymentPostprocessing = 0;
		};
		4E36CAC629B8B3F800F380CC /* Frameworks */ = {
			isa = PBXFrameworksBuildPhase;
			buildActionMask = 2147483647;
			files = (
				4E2B289D29DC3BC100843D39 /* CoreMotion.framework in Frameworks */,
			);
			runOnlyForDeploymentPostprocessing = 0;
		};
		4E36CAD829B8B3F900F380CC /* Frameworks */ = {
			isa = PBXFrameworksBuildPhase;
			buildActionMask = 2147483647;
			files = (
			);
			runOnlyForDeploymentPostprocessing = 0;
		};
/* End PBXFrameworksBuildPhase section */

/* Begin PBXGroup section */
		4E2B289B29DC3BC100843D39 /* Frameworks */ = {
			isa = PBXGroup;
			children = (
				4E2B289C29DC3BC100843D39 /* CoreMotion.framework */,
			);
			name = Frameworks;
			sourceTree = "<group>";
		};
		4E36CA9A29B8B3F500F380CC = {
			isa = PBXGroup;
			children = (
				4E4FD1B129CB187E00DADB21 /* Shared */,
				4EF370AC29CAEE5B007FF249 /* Tests */,
				4E36CAA529B8B3F500F380CC /* BeMindfulMobile */,
				4E36CACD29B8B3F800F380CC /* BeMindfulWatch */,
				4E36CAA429B8B3F500F380CC /* Products */,
				4E2B289B29DC3BC100843D39 /* Frameworks */,
			);
			sourceTree = "<group>";
		};
		4E36CAA429B8B3F500F380CC /* Products */ = {
			isa = PBXGroup;
			children = (
				4E36CAA329B8B3F500F380CC /* BeMindfulMobile.app */,
				4E36CAB329B8B3F800F380CC /* BeMindfulMobileTests.xctest */,
				4E36CAC929B8B3F800F380CC /* BeMindful.app */,
				4E36CADB29B8B3F900F380CC /* BeMindfulWatchTests.xctest */,
			);
			name = Products;
			sourceTree = "<group>";
		};
		4E36CAA529B8B3F500F380CC /* BeMindfulMobile */ = {
			isa = PBXGroup;
			children = (
				B030B90B29DEDD8B00ABD785 /* Info.plist */,
				B030B90729DED0BF00ABD785 /* Screens */,
				B099273B29CB3F620099FBFB /* Visualisations */,
				4E36CAA629B8B3F500F380CC /* BeMindfulMobileApp.swift */,
				4E36CAA829B8B3F500F380CC /* MobileAppView.swift */,
				4E36CAAA29B8B3F700F380CC /* Assets.xcassets */,
				4E36CAAC29B8B3F700F380CC /* Preview Content */,
			);
			path = BeMindfulMobile;
			sourceTree = "<group>";
		};
		4E36CAAC29B8B3F700F380CC /* Preview Content */ = {
			isa = PBXGroup;
			children = (
				4E36CAAD29B8B3F700F380CC /* Preview Assets.xcassets */,
			);
			path = "Preview Content";
			sourceTree = "<group>";
		};
		4E36CAB629B8B3F800F380CC /* BeMindfulMobileTests */ = {
			isa = PBXGroup;
			children = (
				4E36CAB729B8B3F800F380CC /* BeMindfulMobileTests.swift */,
			);
			path = BeMindfulMobileTests;
			sourceTree = "<group>";
		};
		4E36CACD29B8B3F800F380CC /* BeMindfulWatch */ = {
			isa = PBXGroup;
			children = (
				4E36CACE29B8B3F800F380CC /* BeMindfulWatchApp.swift */,
				4E805FB529DED9880087F178 /* MotionDetectionProvider.swift */,
				4E36CAD029B8B3F800F380CC /* WatchAppView.swift */,
				4EC5749D29DB23AA006E23C1 /* WatchAppTypes.swift */,
				4E36CAD229B8B3F900F380CC /* Assets.xcassets */,
				4E36CAD429B8B3F900F380CC /* Preview Content */,
			);
			path = BeMindfulWatch;
			sourceTree = "<group>";
		};
		4E36CAD429B8B3F900F380CC /* Preview Content */ = {
			isa = PBXGroup;
			children = (
				4E36CAD529B8B3F900F380CC /* Preview Assets.xcassets */,
			);
			path = "Preview Content";
			sourceTree = "<group>";
		};
		4E36CADE29B8B3F900F380CC /* BeMindfulWatchTests */ = {
			isa = PBXGroup;
			children = (
				4E36CADF29B8B3F900F380CC /* BeMindfulWatchAppTests.swift */,
			);
			path = BeMindfulWatchTests;
			sourceTree = "<group>";
		};
		4E4FD1B129CB187E00DADB21 /* Shared */ = {
			isa = PBXGroup;
			children = (
				4E4FD1B229CB189200DADB21 /* ConnectivityProvider.swift */,
				4EBE554629BE3616006ECF5A /* SharedViewModel.swift */,
				B0DA5B1F29CB4CAA00EAEA24 /* Utils.swift */,
			);
			path = Shared;
			sourceTree = "<group>";
		};
		4EF370AC29CAEE5B007FF249 /* Tests */ = {
			isa = PBXGroup;
			children = (
				4E36CADE29B8B3F900F380CC /* BeMindfulWatchTests */,
				4E36CAB629B8B3F800F380CC /* BeMindfulMobileTests */,
			);
			path = Tests;
			sourceTree = "<group>";
		};
		B030B90729DED0BF00ABD785 /* Screens */ = {
			isa = PBXGroup;
			children = (
				B030B90829DED80900ABD785 /* LaunchView.swift */,
				B0708C2729E6E88100C41187 /* Launch Screen.storyboard */,
				B09984D229E71A290037B361 /* TrackedBehaviorView.swift */,
			);
			path = Screens;
			sourceTree = "<group>";
		};
		B099273B29CB3F620099FBFB /* Visualisations */ = {
			isa = PBXGroup;
			children = (
				B099273C29CB3F9B0099FBFB /* Data.swift */,
				B0DA5B1D29CB486100EAEA24 /* HourlyLineChart.swift */,
			);
			path = Visualisations;
			sourceTree = "<group>";
		};
/* End PBXGroup section */

/* Begin PBXNativeTarget section */
		4E36CAA229B8B3F500F380CC /* BeMindfulMobile */ = {
			isa = PBXNativeTarget;
			buildConfigurationList = 4E36CAF329B8B3F900F380CC /* Build configuration list for PBXNativeTarget "BeMindfulMobile" */;
			buildPhases = (
				4E36CA9F29B8B3F500F380CC /* Sources */,
				4E36CAA029B8B3F500F380CC /* Frameworks */,
				4E36CAA129B8B3F500F380CC /* Resources */,
				4E36CAF229B8B3F900F380CC /* Embed Watch Content */,
			);
			buildRules = (
			);
			dependencies = (
				4E36CACC29B8B3F800F380CC /* PBXTargetDependency */,
			);
			name = BeMindfulMobile;
			productName = BitSpy;
			productReference = 4E36CAA329B8B3F500F380CC /* BeMindfulMobile.app */;
			productType = "com.apple.product-type.application";
		};
		4E36CAB229B8B3F800F380CC /* BeMindfulMobileTests */ = {
			isa = PBXNativeTarget;
			buildConfigurationList = 4E36CAF629B8B3F900F380CC /* Build configuration list for PBXNativeTarget "BeMindfulMobileTests" */;
			buildPhases = (
				4E36CAAF29B8B3F800F380CC /* Sources */,
				4E36CAB029B8B3F800F380CC /* Frameworks */,
				4E36CAB129B8B3F800F380CC /* Resources */,
			);
			buildRules = (
			);
			dependencies = (
				4E36CAB529B8B3F800F380CC /* PBXTargetDependency */,
			);
			name = BeMindfulMobileTests;
			productName = BitSpyTests;
			productReference = 4E36CAB329B8B3F800F380CC /* BeMindfulMobileTests.xctest */;
			productType = "com.apple.product-type.bundle.unit-test";
		};
		4E36CAC829B8B3F800F380CC /* BeMindfulWatch */ = {
			isa = PBXNativeTarget;
			buildConfigurationList = 4E36CAEF29B8B3F900F380CC /* Build configuration list for PBXNativeTarget "BeMindfulWatch" */;
			buildPhases = (
				4E36CAC529B8B3F800F380CC /* Sources */,
				4E36CAC629B8B3F800F380CC /* Frameworks */,
				4E36CAC729B8B3F800F380CC /* Resources */,
			);
			buildRules = (
			);
			dependencies = (
			);
			name = BeMindfulWatch;
			productName = "BitSpy Watch App";
			productReference = 4E36CAC929B8B3F800F380CC /* BeMindful.app */;
			productType = "com.apple.product-type.application";
		};
		4E36CADA29B8B3F900F380CC /* BeMindfulWatchTests */ = {
			isa = PBXNativeTarget;
			buildConfigurationList = 4E36CAFC29B8B3F900F380CC /* Build configuration list for PBXNativeTarget "BeMindfulWatchTests" */;
			buildPhases = (
				4E36CAD729B8B3F900F380CC /* Sources */,
				4E36CAD829B8B3F900F380CC /* Frameworks */,
				4E36CAD929B8B3F900F380CC /* Resources */,
			);
			buildRules = (
			);
			dependencies = (
				4E36CADD29B8B3F900F380CC /* PBXTargetDependency */,
			);
			name = BeMindfulWatchTests;
			productName = "BitSpy Watch AppTests";
			productReference = 4E36CADB29B8B3F900F380CC /* BeMindfulWatchTests.xctest */;
			productType = "com.apple.product-type.bundle.unit-test";
		};
/* End PBXNativeTarget section */

/* Begin PBXProject section */
		4E36CA9B29B8B3F500F380CC /* Project object */ = {
			isa = PBXProject;
			attributes = {
				BuildIndependentTargetsInParallel = 1;
				LastSwiftUpdateCheck = 1410;
				LastUpgradeCheck = 1410;
				TargetAttributes = {
					4E36CAA229B8B3F500F380CC = {
						CreatedOnToolsVersion = 14.1;
					};
					4E36CAB229B8B3F800F380CC = {
						CreatedOnToolsVersion = 14.1;
						TestTargetID = 4E36CAA229B8B3F500F380CC;
					};
					4E36CAC829B8B3F800F380CC = {
						CreatedOnToolsVersion = 14.1;
					};
					4E36CADA29B8B3F900F380CC = {
						CreatedOnToolsVersion = 14.1;
						TestTargetID = 4E36CAC829B8B3F800F380CC;
					};
				};
			};
			buildConfigurationList = 4E36CA9E29B8B3F500F380CC /* Build configuration list for PBXProject "BeMindful" */;
			compatibilityVersion = "Xcode 14.0";
			developmentRegion = en;
			hasScannedForEncodings = 0;
			knownRegions = (
				en,
				Base,
			);
			mainGroup = 4E36CA9A29B8B3F500F380CC;
			productRefGroup = 4E36CAA429B8B3F500F380CC /* Products */;
			projectDirPath = "";
			projectRoot = "";
			targets = (
				4E36CAA229B8B3F500F380CC /* BeMindfulMobile */,
				4E36CAC829B8B3F800F380CC /* BeMindfulWatch */,
				4E36CAB229B8B3F800F380CC /* BeMindfulMobileTests */,
				4E36CADA29B8B3F900F380CC /* BeMindfulWatchTests */,
			);
		};
/* End PBXProject section */

/* Begin PBXResourcesBuildPhase section */
		4E36CAA129B8B3F500F380CC /* Resources */ = {
			isa = PBXResourcesBuildPhase;
			buildActionMask = 2147483647;
			files = (
				B0708C2829E6E88100C41187 /* Launch Screen.storyboard in Resources */,
				4E36CAAE29B8B3F700F380CC /* Preview Assets.xcassets in Resources */,
				4E36CAAB29B8B3F700F380CC /* Assets.xcassets in Resources */,
			);
			runOnlyForDeploymentPostprocessing = 0;
		};
		4E36CAB129B8B3F800F380CC /* Resources */ = {
			isa = PBXResourcesBuildPhase;
			buildActionMask = 2147483647;
			files = (
			);
			runOnlyForDeploymentPostprocessing = 0;
		};
		4E36CAC729B8B3F800F380CC /* Resources */ = {
			isa = PBXResourcesBuildPhase;
			buildActionMask = 2147483647;
			files = (
				4E36CAD629B8B3F900F380CC /* Preview Assets.xcassets in Resources */,
				4E36CAD329B8B3F900F380CC /* Assets.xcassets in Resources */,
			);
			runOnlyForDeploymentPostprocessing = 0;
		};
		4E36CAD929B8B3F900F380CC /* Resources */ = {
			isa = PBXResourcesBuildPhase;
			buildActionMask = 2147483647;
			files = (
			);
			runOnlyForDeploymentPostprocessing = 0;
		};
/* End PBXResourcesBuildPhase section */

/* Begin PBXSourcesBuildPhase section */
		4E36CA9F29B8B3F500F380CC /* Sources */ = {
			isa = PBXSourcesBuildPhase;
			buildActionMask = 2147483647;
			files = (
				B09984D329E71A290037B361 /* TrackedBehaviorView.swift in Sources */,
				B030B90929DED80900ABD785 /* LaunchView.swift in Sources */,
				4E4FD1B329CB189200DADB21 /* ConnectivityProvider.swift in Sources */,
				B0DA5B1E29CB486100EAEA24 /* HourlyLineChart.swift in Sources */,
				4E36CAA929B8B3F500F380CC /* MobileAppView.swift in Sources */,
				B0DA5B2029CB4CAA00EAEA24 /* Utils.swift in Sources */,
				4E36CAA729B8B3F500F380CC /* BeMindfulMobileApp.swift in Sources */,
				4EBE554729BE3616006ECF5A /* SharedViewModel.swift in Sources */,
				B099273D29CB3F9B0099FBFB /* Data.swift in Sources */,
			);
			runOnlyForDeploymentPostprocessing = 0;
		};
		4E36CAAF29B8B3F800F380CC /* Sources */ = {
			isa = PBXSourcesBuildPhase;
			buildActionMask = 2147483647;
			files = (
				B030B90A29DED80900ABD785 /* LaunchView.swift in Sources */,
				4E36CAB829B8B3F800F380CC /* BeMindfulMobileTests.swift in Sources */,
			);
			runOnlyForDeploymentPostprocessing = 0;
		};
		4E36CAC529B8B3F800F380CC /* Sources */ = {
			isa = PBXSourcesBuildPhase;
			buildActionMask = 2147483647;
			files = (
				4E805FB629DED9880087F178 /* MotionDetectionProvider.swift in Sources */,
				4E4FD1B529CB1A1700DADB21 /* SharedViewModel.swift in Sources */,
				4EC5749E29DB23AA006E23C1 /* WatchAppTypes.swift in Sources */,
				4E36CAD129B8B3F800F380CC /* WatchAppView.swift in Sources */,
				4E36CACF29B8B3F800F380CC /* BeMindfulWatchApp.swift in Sources */,
				4E4FD1B429CB189200DADB21 /* ConnectivityProvider.swift in Sources */,
			);
			runOnlyForDeploymentPostprocessing = 0;
		};
		4E36CAD729B8B3F900F380CC /* Sources */ = {
			isa = PBXSourcesBuildPhase;
			buildActionMask = 2147483647;
			files = (
				4E36CAE029B8B3F900F380CC /* BeMindfulWatchAppTests.swift in Sources */,
			);
			runOnlyForDeploymentPostprocessing = 0;
		};
/* End PBXSourcesBuildPhase section */

/* Begin PBXTargetDependency section */
		4E36CAB529B8B3F800F380CC /* PBXTargetDependency */ = {
			isa = PBXTargetDependency;
			target = 4E36CAA229B8B3F500F380CC /* BeMindfulMobile */;
			targetProxy = 4E36CAB429B8B3F800F380CC /* PBXContainerItemProxy */;
		};
		4E36CACC29B8B3F800F380CC /* PBXTargetDependency */ = {
			isa = PBXTargetDependency;
			target = 4E36CAC829B8B3F800F380CC /* BeMindfulWatch */;
			targetProxy = 4E36CACB29B8B3F800F380CC /* PBXContainerItemProxy */;
		};
		4E36CADD29B8B3F900F380CC /* PBXTargetDependency */ = {
			isa = PBXTargetDependency;
			target = 4E36CAC829B8B3F800F380CC /* BeMindfulWatch */;
			targetProxy = 4E36CADC29B8B3F900F380CC /* PBXContainerItemProxy */;
		};
/* End PBXTargetDependency section */

/* Begin XCBuildConfiguration section */
		4E36CAED29B8B3F900F380CC /* Debug */ = {
			isa = XCBuildConfiguration;
			buildSettings = {
				ALWAYS_SEARCH_USER_PATHS = NO;
				CLANG_ANALYZER_NONNULL = YES;
				CLANG_ANALYZER_NUMBER_OBJECT_CONVERSION = YES_AGGRESSIVE;
				CLANG_CXX_LANGUAGE_STANDARD = "gnu++20";
				CLANG_ENABLE_MODULES = YES;
				CLANG_ENABLE_OBJC_ARC = YES;
				CLANG_ENABLE_OBJC_WEAK = YES;
				CLANG_WARN_BLOCK_CAPTURE_AUTORELEASING = YES;
				CLANG_WARN_BOOL_CONVERSION = YES;
				CLANG_WARN_COMMA = YES;
				CLANG_WARN_CONSTANT_CONVERSION = YES;
				CLANG_WARN_DEPRECATED_OBJC_IMPLEMENTATIONS = YES;
				CLANG_WARN_DIRECT_OBJC_ISA_USAGE = YES_ERROR;
				CLANG_WARN_DOCUMENTATION_COMMENTS = YES;
				CLANG_WARN_EMPTY_BODY = YES;
				CLANG_WARN_ENUM_CONVERSION = YES;
				CLANG_WARN_INFINITE_RECURSION = YES;
				CLANG_WARN_INT_CONVERSION = YES;
				CLANG_WARN_NON_LITERAL_NULL_CONVERSION = YES;
				CLANG_WARN_OBJC_IMPLICIT_RETAIN_SELF = YES;
				CLANG_WARN_OBJC_LITERAL_CONVERSION = YES;
				CLANG_WARN_OBJC_ROOT_CLASS = YES_ERROR;
				CLANG_WARN_QUOTED_INCLUDE_IN_FRAMEWORK_HEADER = YES;
				CLANG_WARN_RANGE_LOOP_ANALYSIS = YES;
				CLANG_WARN_STRICT_PROTOTYPES = YES;
				CLANG_WARN_SUSPICIOUS_MOVE = YES;
				CLANG_WARN_UNGUARDED_AVAILABILITY = YES_AGGRESSIVE;
				CLANG_WARN_UNREACHABLE_CODE = YES;
				CLANG_WARN__DUPLICATE_METHOD_MATCH = YES;
				COPY_PHASE_STRIP = NO;
				DEBUG_INFORMATION_FORMAT = dwarf;
				ENABLE_STRICT_OBJC_MSGSEND = YES;
				ENABLE_TESTABILITY = YES;
				GCC_C_LANGUAGE_STANDARD = gnu11;
				GCC_DYNAMIC_NO_PIC = NO;
				GCC_NO_COMMON_BLOCKS = YES;
				GCC_OPTIMIZATION_LEVEL = 0;
				GCC_PREPROCESSOR_DEFINITIONS = (
					"DEBUG=1",
					"$(inherited)",
				);
				GCC_WARN_64_TO_32_BIT_CONVERSION = YES;
				GCC_WARN_ABOUT_RETURN_TYPE = YES_ERROR;
				GCC_WARN_UNDECLARED_SELECTOR = YES;
				GCC_WARN_UNINITIALIZED_AUTOS = YES_AGGRESSIVE;
				GCC_WARN_UNUSED_FUNCTION = YES;
				GCC_WARN_UNUSED_VARIABLE = YES;
				MTL_ENABLE_DEBUG_INFO = INCLUDE_SOURCE;
				MTL_FAST_MATH = YES;
				ONLY_ACTIVE_ARCH = YES;
				SWIFT_ACTIVE_COMPILATION_CONDITIONS = DEBUG;
				SWIFT_OPTIMIZATION_LEVEL = "-Onone";
			};
			name = Debug;
		};
		4E36CAEE29B8B3F900F380CC /* Release */ = {
			isa = XCBuildConfiguration;
			buildSettings = {
				ALWAYS_SEARCH_USER_PATHS = NO;
				CLANG_ANALYZER_NONNULL = YES;
				CLANG_ANALYZER_NUMBER_OBJECT_CONVERSION = YES_AGGRESSIVE;
				CLANG_CXX_LANGUAGE_STANDARD = "gnu++20";
				CLANG_ENABLE_MODULES = YES;
				CLANG_ENABLE_OBJC_ARC = YES;
				CLANG_ENABLE_OBJC_WEAK = YES;
				CLANG_WARN_BLOCK_CAPTURE_AUTORELEASING = YES;
				CLANG_WARN_BOOL_CONVERSION = YES;
				CLANG_WARN_COMMA = YES;
				CLANG_WARN_CONSTANT_CONVERSION = YES;
				CLANG_WARN_DEPRECATED_OBJC_IMPLEMENTATIONS = YES;
				CLANG_WARN_DIRECT_OBJC_ISA_USAGE = YES_ERROR;
				CLANG_WARN_DOCUMENTATION_COMMENTS = YES;
				CLANG_WARN_EMPTY_BODY = YES;
				CLANG_WARN_ENUM_CONVERSION = YES;
				CLANG_WARN_INFINITE_RECURSION = YES;
				CLANG_WARN_INT_CONVERSION = YES;
				CLANG_WARN_NON_LITERAL_NULL_CONVERSION = YES;
				CLANG_WARN_OBJC_IMPLICIT_RETAIN_SELF = YES;
				CLANG_WARN_OBJC_LITERAL_CONVERSION = YES;
				CLANG_WARN_OBJC_ROOT_CLASS = YES_ERROR;
				CLANG_WARN_QUOTED_INCLUDE_IN_FRAMEWORK_HEADER = YES;
				CLANG_WARN_RANGE_LOOP_ANALYSIS = YES;
				CLANG_WARN_STRICT_PROTOTYPES = YES;
				CLANG_WARN_SUSPICIOUS_MOVE = YES;
				CLANG_WARN_UNGUARDED_AVAILABILITY = YES_AGGRESSIVE;
				CLANG_WARN_UNREACHABLE_CODE = YES;
				CLANG_WARN__DUPLICATE_METHOD_MATCH = YES;
				COPY_PHASE_STRIP = NO;
				DEBUG_INFORMATION_FORMAT = "dwarf-with-dsym";
				ENABLE_NS_ASSERTIONS = NO;
				ENABLE_STRICT_OBJC_MSGSEND = YES;
				GCC_C_LANGUAGE_STANDARD = gnu11;
				GCC_NO_COMMON_BLOCKS = YES;
				GCC_WARN_64_TO_32_BIT_CONVERSION = YES;
				GCC_WARN_ABOUT_RETURN_TYPE = YES_ERROR;
				GCC_WARN_UNDECLARED_SELECTOR = YES;
				GCC_WARN_UNINITIALIZED_AUTOS = YES_AGGRESSIVE;
				GCC_WARN_UNUSED_FUNCTION = YES;
				GCC_WARN_UNUSED_VARIABLE = YES;
				MTL_ENABLE_DEBUG_INFO = NO;
				MTL_FAST_MATH = YES;
				SWIFT_COMPILATION_MODE = wholemodule;
				SWIFT_OPTIMIZATION_LEVEL = "-O";
			};
			name = Release;
		};
		4E36CAF029B8B3F900F380CC /* Debug */ = {
			isa = XCBuildConfiguration;
			buildSettings = {
				ASSETCATALOG_COMPILER_APPICON_NAME = AppIcon;
				ASSETCATALOG_COMPILER_GLOBAL_ACCENT_COLOR_NAME = AccentColor;
				CODE_SIGN_STYLE = Automatic;
				CURRENT_PROJECT_VERSION = 1;
				DEVELOPMENT_ASSET_PATHS = "\"BeMindfulWatch/Preview Content\"";
				DEVELOPMENT_TEAM = G69B5T58Z3;
				ENABLE_PREVIEWS = YES;
				GENERATE_INFOPLIST_FILE = YES;
				INFOPLIST_KEY_UISupportedInterfaceOrientations = "UIInterfaceOrientationPortrait UIInterfaceOrientationPortraitUpsideDown";
				INFOPLIST_KEY_WKCompanionAppBundleIdentifier = com.smoothless.BeMindful;
				LD_RUNPATH_SEARCH_PATHS = (
					"$(inherited)",
					"@executable_path/Frameworks",
				);
				MARKETING_VERSION = 1.0;
				PRODUCT_BUNDLE_IDENTIFIER = com.smoothless.BeMindful.watchkitapp;
				PRODUCT_NAME = BeMindful;
				SDKROOT = watchos;
				SKIP_INSTALL = YES;
				SWIFT_EMIT_LOC_STRINGS = YES;
				SWIFT_VERSION = 5.0;
				TARGETED_DEVICE_FAMILY = 4;
				WATCHOS_DEPLOYMENT_TARGET = 9.1;
			};
			name = Debug;
		};
		4E36CAF129B8B3F900F380CC /* Release */ = {
			isa = XCBuildConfiguration;
			buildSettings = {
				ASSETCATALOG_COMPILER_APPICON_NAME = AppIcon;
				ASSETCATALOG_COMPILER_GLOBAL_ACCENT_COLOR_NAME = AccentColor;
				CODE_SIGN_STYLE = Automatic;
				CURRENT_PROJECT_VERSION = 1;
				DEVELOPMENT_ASSET_PATHS = "\"BeMindfulWatch/Preview Content\"";
				DEVELOPMENT_TEAM = G69B5T58Z3;
				ENABLE_PREVIEWS = YES;
				GENERATE_INFOPLIST_FILE = YES;
				INFOPLIST_KEY_UISupportedInterfaceOrientations = "UIInterfaceOrientationPortrait UIInterfaceOrientationPortraitUpsideDown";
				INFOPLIST_KEY_WKCompanionAppBundleIdentifier = com.smoothless.BeMindful;
				LD_RUNPATH_SEARCH_PATHS = (
					"$(inherited)",
					"@executable_path/Frameworks",
				);
				MARKETING_VERSION = 1.0;
				PRODUCT_BUNDLE_IDENTIFIER = com.smoothless.BeMindful.watchkitapp;
				PRODUCT_NAME = BeMindful;
				SDKROOT = watchos;
				SKIP_INSTALL = YES;
				SWIFT_EMIT_LOC_STRINGS = YES;
				SWIFT_VERSION = 5.0;
				TARGETED_DEVICE_FAMILY = 4;
				VALIDATE_PRODUCT = YES;
				WATCHOS_DEPLOYMENT_TARGET = 9.1;
			};
			name = Release;
		};
		4E36CAF429B8B3F900F380CC /* Debug */ = {
			isa = XCBuildConfiguration;
			buildSettings = {
				ALWAYS_EMBED_SWIFT_STANDARD_LIBRARIES = YES;
				ASSETCATALOG_COMPILER_APPICON_NAME = AppIcon;
				ASSETCATALOG_COMPILER_GLOBAL_ACCENT_COLOR_NAME = AccentColor;
				CODE_SIGN_STYLE = Automatic;
				CURRENT_PROJECT_VERSION = 1;
				DEVELOPMENT_ASSET_PATHS = "\"BeMindfulMobile/Preview Content\"";
				DEVELOPMENT_TEAM = G69B5T58Z3;
				ENABLE_PREVIEWS = YES;
				GENERATE_INFOPLIST_FILE = YES;
				INFOPLIST_FILE = BeMindfulMobile/Info.plist;
				INFOPLIST_KEY_CFBundleDisplayName = BitSpy;
				INFOPLIST_KEY_UIApplicationSceneManifest_Generation = YES;
				INFOPLIST_KEY_UIApplicationSupportsIndirectInputEvents = YES;
				INFOPLIST_KEY_UILaunchStoryboardName = "Launch Screen.storyboard";
				INFOPLIST_KEY_UISupportedInterfaceOrientations_iPad = "UIInterfaceOrientationPortrait UIInterfaceOrientationPortraitUpsideDown UIInterfaceOrientationLandscapeLeft UIInterfaceOrientationLandscapeRight";
				INFOPLIST_KEY_UISupportedInterfaceOrientations_iPhone = "UIInterfaceOrientationPortrait UIInterfaceOrientationLandscapeLeft UIInterfaceOrientationLandscapeRight";
				IPHONEOS_DEPLOYMENT_TARGET = 16.1;
				LD_RUNPATH_SEARCH_PATHS = (
					"$(inherited)",
					"@executable_path/Frameworks",
				);
				MARKETING_VERSION = 1.0;
				PRODUCT_BUNDLE_IDENTIFIER = com.smoothless.BeMindful;
				PRODUCT_NAME = "$(TARGET_NAME)";
				SDKROOT = iphoneos;
				SWIFT_EMIT_LOC_STRINGS = YES;
				SWIFT_VERSION = 5.0;
				TARGETED_DEVICE_FAMILY = "1,2";
			};
			name = Debug;
		};
		4E36CAF529B8B3F900F380CC /* Release */ = {
			isa = XCBuildConfiguration;
			buildSettings = {
				ALWAYS_EMBED_SWIFT_STANDARD_LIBRARIES = YES;
				ASSETCATALOG_COMPILER_APPICON_NAME = AppIcon;
				ASSETCATALOG_COMPILER_GLOBAL_ACCENT_COLOR_NAME = AccentColor;
				CODE_SIGN_STYLE = Automatic;
				CURRENT_PROJECT_VERSION = 1;
				DEVELOPMENT_ASSET_PATHS = "\"BeMindfulMobile/Preview Content\"";
				DEVELOPMENT_TEAM = G69B5T58Z3;
				ENABLE_PREVIEWS = YES;
				GENERATE_INFOPLIST_FILE = YES;
				INFOPLIST_FILE = BeMindfulMobile/Info.plist;
				INFOPLIST_KEY_CFBundleDisplayName = BitSpy;
				INFOPLIST_KEY_UIApplicationSceneManifest_Generation = YES;
				INFOPLIST_KEY_UIApplicationSupportsIndirectInputEvents = YES;
				INFOPLIST_KEY_UILaunchStoryboardName = "Launch Screen.storyboard";
				INFOPLIST_KEY_UISupportedInterfaceOrientations_iPad = "UIInterfaceOrientationPortrait UIInterfaceOrientationPortraitUpsideDown UIInterfaceOrientationLandscapeLeft UIInterfaceOrientationLandscapeRight";
				INFOPLIST_KEY_UISupportedInterfaceOrientations_iPhone = "UIInterfaceOrientationPortrait UIInterfaceOrientationLandscapeLeft UIInterfaceOrientationLandscapeRight";
				IPHONEOS_DEPLOYMENT_TARGET = 16.1;
				LD_RUNPATH_SEARCH_PATHS = (
					"$(inherited)",
					"@executable_path/Frameworks",
				);
				MARKETING_VERSION = 1.0;
				PRODUCT_BUNDLE_IDENTIFIER = com.smoothless.BeMindful;
				PRODUCT_NAME = "$(TARGET_NAME)";
				SDKROOT = iphoneos;
				SWIFT_EMIT_LOC_STRINGS = YES;
				SWIFT_VERSION = 5.0;
				TARGETED_DEVICE_FAMILY = "1,2";
				VALIDATE_PRODUCT = YES;
			};
			name = Release;
		};
		4E36CAF729B8B3F900F380CC /* Debug */ = {
			isa = XCBuildConfiguration;
			buildSettings = {
				ALWAYS_EMBED_SWIFT_STANDARD_LIBRARIES = YES;
				BUNDLE_LOADER = "$(TEST_HOST)";
				CODE_SIGN_STYLE = Automatic;
				CURRENT_PROJECT_VERSION = 1;
				DEVELOPMENT_TEAM = G69B5T58Z3;
				GENERATE_INFOPLIST_FILE = YES;
				IPHONEOS_DEPLOYMENT_TARGET = 16.1;
				MARKETING_VERSION = 1.0;
				PRODUCT_BUNDLE_IDENTIFIER = com.smoothless.BitSpyTests;
				PRODUCT_NAME = "$(TARGET_NAME)";
				SDKROOT = iphoneos;
				SWIFT_EMIT_LOC_STRINGS = NO;
				SWIFT_VERSION = 5.0;
				TARGETED_DEVICE_FAMILY = "1,2";
				TEST_HOST = "$(BUILT_PRODUCTS_DIR)/BeMindfulMobile.app/$(BUNDLE_EXECUTABLE_FOLDER_PATH)/BeMindfulMobile";
			};
			name = Debug;
		};
		4E36CAF829B8B3F900F380CC /* Release */ = {
			isa = XCBuildConfiguration;
			buildSettings = {
				ALWAYS_EMBED_SWIFT_STANDARD_LIBRARIES = YES;
				BUNDLE_LOADER = "$(TEST_HOST)";
				CODE_SIGN_STYLE = Automatic;
				CURRENT_PROJECT_VERSION = 1;
				DEVELOPMENT_TEAM = G69B5T58Z3;
				GENERATE_INFOPLIST_FILE = YES;
				IPHONEOS_DEPLOYMENT_TARGET = 16.1;
				MARKETING_VERSION = 1.0;
				PRODUCT_BUNDLE_IDENTIFIER = com.smoothless.BitSpyTests;
				PRODUCT_NAME = "$(TARGET_NAME)";
				SDKROOT = iphoneos;
				SWIFT_EMIT_LOC_STRINGS = NO;
				SWIFT_VERSION = 5.0;
				TARGETED_DEVICE_FAMILY = "1,2";
				TEST_HOST = "$(BUILT_PRODUCTS_DIR)/BeMindfulMobile.app/$(BUNDLE_EXECUTABLE_FOLDER_PATH)/BeMindfulMobile";
				VALIDATE_PRODUCT = YES;
			};
			name = Release;
		};
		4E36CAFD29B8B3F900F380CC /* Debug */ = {
			isa = XCBuildConfiguration;
			buildSettings = {
				ALWAYS_EMBED_SWIFT_STANDARD_LIBRARIES = YES;
				BUNDLE_LOADER = "$(TEST_HOST)";
				CODE_SIGN_STYLE = Automatic;
				CURRENT_PROJECT_VERSION = 1;
				DEVELOPMENT_TEAM = G69B5T58Z3;
				GENERATE_INFOPLIST_FILE = YES;
				MARKETING_VERSION = 1.0;
				PRODUCT_BUNDLE_IDENTIFIER = "com.smoothless.BitSpy-Watch-AppTests";
				PRODUCT_NAME = "$(TARGET_NAME)";
				SDKROOT = watchos;
				SWIFT_EMIT_LOC_STRINGS = NO;
				SWIFT_VERSION = 5.0;
				TARGETED_DEVICE_FAMILY = 4;
				TEST_HOST = "$(BUILT_PRODUCTS_DIR)/BeMindfulWatch.app/$(BUNDLE_EXECUTABLE_FOLDER_PATH)/BeMindfulWatch";
				WATCHOS_DEPLOYMENT_TARGET = 9.1;
			};
			name = Debug;
		};
		4E36CAFE29B8B3F900F380CC /* Release */ = {
			isa = XCBuildConfiguration;
			buildSettings = {
				ALWAYS_EMBED_SWIFT_STANDARD_LIBRARIES = YES;
				BUNDLE_LOADER = "$(TEST_HOST)";
				CODE_SIGN_STYLE = Automatic;
				CURRENT_PROJECT_VERSION = 1;
				DEVELOPMENT_TEAM = G69B5T58Z3;
				GENERATE_INFOPLIST_FILE = YES;
				MARKETING_VERSION = 1.0;
				PRODUCT_BUNDLE_IDENTIFIER = "com.smoothless.BitSpy-Watch-AppTests";
				PRODUCT_NAME = "$(TARGET_NAME)";
				SDKROOT = watchos;
				SWIFT_EMIT_LOC_STRINGS = NO;
				SWIFT_VERSION = 5.0;
				TARGETED_DEVICE_FAMILY = 4;
				TEST_HOST = "$(BUILT_PRODUCTS_DIR)/BeMindfulWatch.app/$(BUNDLE_EXECUTABLE_FOLDER_PATH)/BeMindfulWatch";
				VALIDATE_PRODUCT = YES;
				WATCHOS_DEPLOYMENT_TARGET = 9.1;
			};
			name = Release;
		};
/* End XCBuildConfiguration section */

/* Begin XCConfigurationList section */
		4E36CA9E29B8B3F500F380CC /* Build configuration list for PBXProject "BeMindful" */ = {
			isa = XCConfigurationList;
			buildConfigurations = (
				4E36CAED29B8B3F900F380CC /* Debug */,
				4E36CAEE29B8B3F900F380CC /* Release */,
			);
			defaultConfigurationIsVisible = 0;
			defaultConfigurationName = Release;
		};
		4E36CAEF29B8B3F900F380CC /* Build configuration list for PBXNativeTarget "BeMindfulWatch" */ = {
			isa = XCConfigurationList;
			buildConfigurations = (
				4E36CAF029B8B3F900F380CC /* Debug */,
				4E36CAF129B8B3F900F380CC /* Release */,
			);
			defaultConfigurationIsVisible = 0;
			defaultConfigurationName = Release;
		};
		4E36CAF329B8B3F900F380CC /* Build configuration list for PBXNativeTarget "BeMindfulMobile" */ = {
			isa = XCConfigurationList;
			buildConfigurations = (
				4E36CAF429B8B3F900F380CC /* Debug */,
				4E36CAF529B8B3F900F380CC /* Release */,
			);
			defaultConfigurationIsVisible = 0;
			defaultConfigurationName = Release;
		};
		4E36CAF629B8B3F900F380CC /* Build configuration list for PBXNativeTarget "BeMindfulMobileTests" */ = {
			isa = XCConfigurationList;
			buildConfigurations = (
				4E36CAF729B8B3F900F380CC /* Debug */,
				4E36CAF829B8B3F900F380CC /* Release */,
			);
			defaultConfigurationIsVisible = 0;
			defaultConfigurationName = Release;
		};
		4E36CAFC29B8B3F900F380CC /* Build configuration list for PBXNativeTarget "BeMindfulWatchTests" */ = {
			isa = XCConfigurationList;
			buildConfigurations = (
				4E36CAFD29B8B3F900F380CC /* Debug */,
				4E36CAFE29B8B3F900F380CC /* Release */,
			);
			defaultConfigurationIsVisible = 0;
			defaultConfigurationName = Release;
		};
/* End XCConfigurationList section */
	};
	rootObject = 4E36CA9B29B8B3F500F380CC /* Project object */;
}
